
Microsoft Visual Studio Solution File, Format Version 12.00
# Visual Studio Version 17
VisualStudioVersion = 17.14.36908.2
MinimumVisualStudioVersion = 10.0.40219.1
Project("{FAE04EC0-301F-11D3-BF4B-00C04F79EFBC}") = "SV22T1020680.Admin", "SV22T1020680.Admin\SV22T1020680.Admin.csproj", "{794FFA42-B9E6-4026-BF5F-C2FF8279D6A4}"
EndProject
Project("{FAE04EC0-301F-11D3-BF4B-00C04F79EFBC}") = "SV22T1020680.Shop", "SV22T1020680.Shop\SV22T1020680.Shop.csproj", "{FFF25954-A902-4807-B66D-0FFD3BBDDF6C}"
EndProject
Project("{FAE04EC0-301F-11D3-BF4B-00C04F79EFBC}") = "SV22T1020680.Models", "SV22T1020680.Models\SV22T1020680.Models.csproj", "{896735D1-FFA5-419A-9291-CB0EEE99E76C}"
EndProject
Project("{FAE04EC0-301F-11D3-BF4B-00C04F79EFBC}") = "SV22T1020680.DataLayers", "SV22T1020680.DataLayers\SV22T1020680.DataLayers.csproj", "{62142CB3-B8DB-4BC2-A068-EE73B4F674CA}"
EndProject
Project("{FAE04EC0-301F-11D3-BF4B-00C04F79EFBC}") = "SV22T1020680.BusinessLayers", "SV22T1020680.BusinessLayers\SV22T1020680.BusinessLayers.csproj", "{19471000-E23B-4500-9A9E-D3D0972528F5}"
EndProject
Project("{2150E333-8FDC-42A3-9474-1A3956D46DE8}") = "Applications", "Applications", "{02EA681E-C7D8-13C7-8484-4AC65E1B71E8}"
EndProject
Project("{2150E333-8FDC-42A3-9474-1A3956D46DE8}") = "Libraries", "Libraries", "{D821CF7B-3F74-46A4-B08A-E33365A668FB}"
EndProject
Global
	GlobalSection(SolutionConfigurationPlatforms) = preSolution
		Debug|Any CPU = Debug|Any CPU
		Release|Any CPU = Release|Any CPU
	EndGlobalSection
	GlobalSection(ProjectConfigurationPlatforms) = postSolution
		{794FFA42-B9E6-4026-BF5F-C2FF8279D6A4}.Debug|Any CPU.ActiveCfg = Debug|Any CPU
		{794FFA42-B9E6-4026-BF5F-C2FF8279D6A4}.Debug|Any CPU.Build.0 = Debug|Any CPU
		{794FFA42-B9E6-4026-BF5F-C2FF8279D6A4}.Release|Any CPU.ActiveCfg = Release|Any CPU
		{794FFA42-B9E6-4026-BF5F-C2FF8279D6A4}.Release|Any CPU.Build.0 = Release|Any CPU
		{FFF25954-A902-4807-B66D-0FFD3BBDDF6C}.Debug|Any CPU.ActiveCfg = Debug|Any CPU
		{FFF25954-A902-4807-B66D-0FFD3BBDDF6C}.Debug|Any CPU.Build.0 = Debug|Any CPU
		{FFF25954-A902-4807-B66D-0FFD3BBDDF6C}.Release|Any CPU.ActiveCfg = Release|Any CPU
		{FFF25954-A902-4807-B66D-0FFD3BBDDF6C}.Release|Any CPU.Build.0 = Release|Any CPU
		{896735D1-FFA5-419A-9291-CB0EEE99E76C}.Debug|Any CPU.ActiveCfg = Debug|Any CPU
		{896735D1-FFA5-419A-9291-CB0EEE99E76C}.Debug|Any CPU.Build.0 = Debug|Any CPU
		{896735D1-FFA5-419A-9291-CB0EEE99E76C}.Release|Any CPU.ActiveCfg = Release|Any CPU
		{896735D1-FFA5-419A-9291-CB0EEE99E76C}.Release|Any CPU.Build.0 = Release|Any CPU
		{62142CB3-B8DB-4BC2-A068-EE73B4F674CA}.Debug|Any CPU.ActiveCfg = Debug|Any CPU
		{62142CB3-B8DB-4BC2-A068-EE73B4F674CA}.Debug|Any CPU.Build.0 = Debug|Any CPU
		{62142CB3-B8DB-4BC2-A068-EE73B4F674CA}.Release|Any CPU.ActiveCfg = Release|Any CPU
		{62142CB3-B8DB-4BC2-A068-EE73B4F674CA}.Release|Any CPU.Build.0 = Release|Any CPU
		{19471000-E23B-4500-9A9E-D3D0972528F5}.Debug|Any CPU.ActiveCfg = Debug|Any CPU
		{19471000-E23B-4500-9A9E-D3D0972528F5}.Debug|Any CPU.Build.0 = Debug|Any CPU
		{19471000-E23B-4500-9A9E-D3D0972528F5}.Release|Any CPU.ActiveCfg = Release|Any CPU
		{19471000-E23B-4500-9A9E-D3D0972528F5}.Release|Any CPU.Build.0 = Release|Any CPU
	EndGlobalSection
	GlobalSection(SolutionProperties) = preSolution
		HideSolutionNode = FALSE
	EndGlobalSection
	GlobalSection(NestedProjects) = preSolution
		{794FFA42-B9E6-4026-BF5F-C2FF8279D6A4} = {02EA681E-C7D8-13C7-8484-4AC65E1B71E8}
		{FFF25954-A902-4807-B66D-0FFD3BBDDF6C} = {02EA681E-C7D8-13C7-8484-4AC65E1B71E8}
		{896735D1-FFA5-419A-9291-CB0EEE99E76C} = {D821CF7B-3F74-46A4-B08A-E33365A668FB}
		{62142CB3-B8DB-4BC2-A068-EE73B4F674CA} = {D821CF7B-3F74-46A4-B08A-E33365A668FB}
		{19471000-E23B-4500-9A9E-D3D0972528F5} = {D821CF7B-3F74-46A4-B08A-E33365A668FB}
	EndGlobalSection
	GlobalSection(ExtensibilityGlobals) = postSolution
		SolutionGuid = {376E6050-3880-447D-BB8C-2187FC85786C}
	EndGlobalSection
EndGlobal
